Microsoft Visual Studio Solution File, Format Version 12.00
# Visual Studio 2013
VisualStudioVersion = 12.0.31101.0
MinimumVisualStudioVersion = 10.0.40219.1
Project("{2150E333-8FDC-42A3-9474-1A3956D46DE8}") = "Nusbio.Samples", "Nusbio.Samples", "{020CABD8-3BC5-4811-9293-88BD38198975}"
EndProject
Project("{FAE04EC0-301F-11D3-BF4B-00C04F79EFBC}") = "MadeInTheUSB.Nusbio.Console", "CS\MadeInTheUSB.Nusbio.Console\MadeInTheUSB.Nusbio.Console.csproj", "{8B6D93E8-2D20-4328-ACFF-9C608BD64DCF}"
EndProject
Project("{FAE04EC0-301F-11D3-BF4B-00C04F79EFBC}") = "MadeInTheUSB.Nusbio.I2C.8x8LedMatrix", "CS\MadeInTheUSB.Nusbio.I2C.8x8LedMatrix\MadeInTheUSB.Nusbio.I2C.8x8LedMatrix.csproj", "{898E7C84-CEA3-4A5D-8A39-7EF5C0736513}"
EndProject
Project("{FAE04EC0-301F-11D3-BF4B-00C04F79EFBC}") = "MadeInTheUSB.Nusbio.I2C.Adafruit_4Digit7Segment", "CS\MadeInTheUSB.Nusbio.I2C.Adafruit_4Digit7Segments\MadeInTheUSB.Nusbio.I2C.Adafruit_4Digit7Segment.csproj", "{950CB02F-B3B9-4DFD-819B-9FBE23BBDA49}"
EndProject
Project("{FAE04EC0-301F-11D3-BF4B-00C04F79EFBC}") = "MadeInTheUSB.Nusbio.I2C.Adafruit_MCP4725_12BitDac", "CS\MadeInTheUSB.Nusbio.I2C.Adafruit_MCP4725_12BitDac\MadeInTheUSB.Nusbio.I2C.Adafruit_MCP4725_12BitDac.csproj", "{C1561857-0E5D-4267-B89E-869EBC9BF32D}"
EndProject
Project("{FAE04EC0-301F-11D3-BF4B-00C04F79EFBC}") = "MadeInTheUSB.Nusbio.I2C.EEPROM_24LC256", "CS\MadeInTheUSB.Nusbio.I2C.EEPROM_24LC256\MadeInTheUSB.Nusbio.I2C.EEPROM_24LC256.csproj", "{03250B62-E142-4763-A8B7-8399057D3ABB}"
EndProject
Project("{FAE04EC0-301F-11D3-BF4B-00C04F79EFBC}") = "MadeInTheUSB.Nusbio.LCD", "CS\MadeInTheUSB.Nusbio.LCD\MadeInTheUSB.Nusbio.LCD.csproj", "{F98756EC-AFF4-4F60-848B-8D1265FC6015}"
EndProject
Project("{FAE04EC0-301F-11D3-BF4B-00C04F79EFBC}") = "MadeInTheUSB.Nusbio.LightSensor", "CS\MadeInTheUSB.Nusbio.LightSensor\MadeInTheUSB.Nusbio.LightSensor.csproj", "{055521B5-C5AF-46D7-9C74-004C7F1C3619}"
EndProject
Project("{FAE04EC0-301F-11D3-BF4B-00C04F79EFBC}") = "MadeInTheUSB.Nusbio.MadeInTheUSB.Nusbio.MCP23008EP", "CS\MadeInTheUSB.Nusbio.MCP23008EP\MadeInTheUSB.Nusbio.MadeInTheUSB.Nusbio.MCP23008EP.csproj", "{CECC951F-6E2C-4813-A402-A38EE45721B7}"
EndProject
Project("{FAE04EC0-301F-11D3-BF4B-00C04F79EFBC}") = "MadeInTheUSB.Nusbio.PIRMotionSensor", "CS\MadeInTheUSB.Nusbio.MotionSensor\MadeInTheUSB.Nusbio.PIRMotionSensor.csproj", "{F96DBAFA-7FF2-47AF-9BDB-E7D259046770}"
EndProject
Project("{FAE04EC0-301F-11D3-BF4B-00C04F79EFBC}") = "MadeInTheUSB.Nusbio.I2C.NusbioEx", "CS\MadeInTheUSB.Nusbio.NusbioEx\MadeInTheUSB.Nusbio.I2C.NusbioEx.csproj", "{91DA87DA-DD46-4BBB-9337-A1B3E4264CDA}"
EndProject
Project("{FAE04EC0-301F-11D3-BF4B-00C04F79EFBC}") = "MadeInTheUSB.Nusbio.Potentiometer", "CS\MadeInTheUSB.Nusbio.Potentiometer\MadeInTheUSB.Nusbio.Potentiometer.csproj", "{22CA7B9C-2EE6-4935-844D-84345B2E1A72}"
EndProject
Project("{FAE04EC0-301F-11D3-BF4B-00C04F79EFBC}") = "MadeInTheUSB.Nusbio.PowerShell", "CS\MadeInTheUSB.Nusbio.PowerShell\MadeInTheUSB.Nusbio.PowerShell.csproj", "{7B7889E4-3364-4A69-9A2D-3FCEF6D1DE1E}"
EndProject
Project("{FAE04EC0-301F-11D3-BF4B-00C04F79EFBC}") = "MadeInTheUSB.Nusbio.ShiftRegister74HC595", "CS\MadeInTheUSB.Nusbio.ShiftRegister74HC595\MadeInTheUSB.Nusbio.ShiftRegister74HC595.csproj", "{C62CBB2E-0EB3-4E9F-B9CF-1DCC4495316F}"
EndProject
Project("{FAE04EC0-301F-11D3-BF4B-00C04F79EFBC}") = "MadeInTheUSB.Nusbio.SPI.DigitalPotentiometer.MCP413X", "CS\MadeInTheUSB.Nusbio.SPI.DigitalPotentiometer.MCP413X\MadeInTheUSB.Nusbio.SPI.DigitalPotentiometer.MCP413X.csproj", "{AF62208C-19C3-4990-B37D-E95E2D78721A}"
EndProject
Project("{FAE04EC0-301F-11D3-BF4B-00C04F79EFBC}") = "MadeInTheUSB.Nusbio.SPI.DigitalPotentiometer.MCP4231", "CS\MadeInTheUSB.Nusbio.SPI.DigitalPotentiometer.MCP4231\MadeInTheUSB.Nusbio.SPI.DigitalPotentiometer.MCP4231.csproj", "{3DE28F8C-7659-4DC3-AB51-C0A00B44BFDB}"
EndProject
Project("{FAE04EC0-301F-11D3-BF4B-00C04F79EFBC}") = "MadeInTheUSB.Nusbio.Buttons", "CS\MadeInTheUSB.Nusbio.Buttons\MadeInTheUSB.Nusbio.Buttons.csproj", "{7596E24D-32E1-4094-934D-EE1C022D287E}"
EndProject
Project("{2150E333-8FDC-42A3-9474-1A3956D46DE8}") = "Extensions", "Extensions", "{C6682B05-074D-4A92-A5A2-9C292507237E}"
EndProject
Project("{2150E333-8FDC-42A3-9474-1A3956D46DE8}") = "Component Lib", "Component Lib", "{806BBB3C-319B-4A78-BA85-3F5CB5CE3B93}"
EndProject
Project("{2150E333-8FDC-42A3-9474-1A3956D46DE8}") = "VB", "VB", "{587F6FCA-0949-4ED8-A781-6177E364622F}"
EndProject
Project("{F184B08F-C81C-45F6-A57F-5ABD9991F28F}") = "MadeInTheUSB.NusbioVB.Extension.RgbLedPanel", "Extensions\VB\MadeInTheUSB.Nusbio.Extension.RgbLedPanel.VB\MadeInTheUSB.NusbioVB.Extension.RgbLedPanel.vbproj", "{E231FDCD-2B89-4966-B5D6-B53D14AB9162}"
EndProject
Project("{FAE04EC0-301F-11D3-BF4B-00C04F79EFBC}") = "MadeInTheUSB.Nusbio.Components", "MadeInTheUSB.Nusbio.Components\MadeInTheUSB.Nusbio.Components.csproj", "{89AAC166-2058-4657-9A64-AAF602F06327}"
EndProject
Project("{2150E333-8FDC-42A3-9474-1A3956D46DE8}") = "CS", "CS", "{6CEE54D3-3BC8-4467-8908-B273AAF3B8F6}"
EndProject
Project("{FAE04EC0-301F-11D3-BF4B-00C04F79EFBC}") = "MadeInTheUSB.Nusbio.Extension.APA102_2_StripAdapter", "Extensions\CS\MadeInTheUSB.Nusbio.Extension.APA102_2_StripAdapter\MadeInTheUSB.Nusbio.Extension.APA102_2_StripAdapter.csproj", "{BE60A71B-CC9A-49B3-BAD4-A1E7EBA3E3CE}"
EndProject
Project("{FAE04EC0-301F-11D3-BF4B-00C04F79EFBC}") = "MadeInTheUSB.Nusbio.BiColorLedPanel", "Extensions\CS\MadeInTheUSB.Nusbio.Extension.BiColorLedPanel\MadeInTheUSB.Nusbio.BiColorLedPanel.csproj", "{81CBEF55-8D37-4CE5-9B2B-AF9A9159EAB5}"
EndProject
Project("{FAE04EC0-301F-11D3-BF4B-00C04F79EFBC}") = "MadeInTheUSB.Nusbio.Extension.RgbLedPanel", "Extensions\CS\MadeInTheUSB.Nusbio.Extension.RgbLedPanel\MadeInTheUSB.Nusbio.Extension.RgbLedPanel.csproj", "{F596B87D-8A3D-4B37-B0DC-DC35DBF1F059}"
EndProject
Project("{2150E333-8FDC-42A3-9474-1A3956D46DE8}") = "CS", "CS", "{00FC1E61-DD41-4A73-A96B-D5EAE399EF8D}"
EndProject
Project("{2150E333-8FDC-42A3-9474-1A3956D46DE8}") = "VB", "VB", "{DEE18A7C-D83C-4271-966F-70732E027D3A}"
EndProject
Project("{F184B08F-C81C-45F6-A57F-5ABD9991F28F}") = "MadeInTheUSB.Nusbio.Console.VB", "VB\MadeInTheUSB.Nusbio.Console.VB\MadeInTheUSB.Nusbio.Console.VB.vbproj", "{16F4EAB9-2A8E-4497-95CA-8754F9DAB1EE}"
EndProject
Project("{F184B08F-C81C-45F6-A57F-5ABD9991F28F}") = "MadeInTheUSB.Nusbio.BiColorLedPanel.VB", "Extensions\VB\MadeInTheUSB.Nusbio.BiColorLedPanel.VB\MadeInTheUSB.Nusbio.BiColorLedPanel.VB.vbproj", "{E7FE74A8-F00F-44D9-8C86-EFE70CE14073}"
EndProject
Project("{F184B08F-C81C-45F6-A57F-5ABD9991F28F}") = "MadeInTheUSB.Nusbio.Extension.APA102_2_StripAdapter.VB", "Extensions\VB\MadeInTheUSB.Nusbio.Extension.APA102_2_StripAdapter.VB\MadeInTheUSB.Nusbio.Extension.APA102_2_StripAdapter.VB.vbproj", "{DAE1AE96-131B-4E65-8C61-6FBDDB2F94FD}"
EndProject
Global
	GlobalSection(SolutionConfigurationPlatforms) = preSolution
		Debug|Any CPU = Debug|Any CPU
		Debug|Mixed Platforms = Debug|Mixed Platforms
		Debug|Win32 = Debug|Win32
		Release|Any CPU = Release|Any CPU
		Release|Mixed Platforms = Release|Mixed Platforms
		Release|Win32 = Release|Win32
	EndGlobalSection
	GlobalSection(ProjectConfigurationPlatforms) = postSolution
		{8B6D93E8-2D20-4328-ACFF-9C608BD64DCF}.Debug|Any CPU.ActiveCfg = Debug|Any CPU
		{8B6D93E8-2D20-4328-ACFF-9C608BD64DCF}.Debug|Any CPU.Build.0 = Debug|Any CPU
		{8B6D93E8-2D20-4328-ACFF-9C608BD64DCF}.Debug|Mixed Platforms.ActiveCfg = Debug|Any CPU
		{8B6D93E8-2D20-4328-ACFF-9C608BD64DCF}.Debug|Mixed Platforms.Build.0 = Debug|Any CPU
		{8B6D93E8-2D20-4328-ACFF-9C608BD64DCF}.Debug|Win32.ActiveCfg = Debug|Any CPU
		{8B6D93E8-2D20-4328-ACFF-9C608BD64DCF}.Release|Any CPU.ActiveCfg = Release|Any CPU
		{8B6D93E8-2D20-4328-ACFF-9C608BD64DCF}.Release|Any CPU.Build.0 = Release|Any CPU
		{8B6D93E8-2D20-4328-ACFF-9C608BD64DCF}.Release|Mixed Platforms.ActiveCfg = Release|Any CPU
		{8B6D93E8-2D20-4328-ACFF-9C608BD64DCF}.Release|Mixed Platforms.Build.0 = Release|Any CPU
		{8B6D93E8-2D20-4328-ACFF-9C608BD64DCF}.Release|Win32.ActiveCfg = Release|Any CPU
		{898E7C84-CEA3-4A5D-8A39-7EF5C0736513}.Debug|Any CPU.ActiveCfg = Debug|Any CPU
		{898E7C84-CEA3-4A5D-8A39-7EF5C0736513}.Debug|Any CPU.Build.0 = Debug|Any CPU
		{898E7C84-CEA3-4A5D-8A39-7EF5C0736513}.Debug|Mixed Platforms.ActiveCfg = Debug|Any CPU
		{898E7C84-CEA3-4A5D-8A39-7EF5C0736513}.Debug|Mixed Platforms.Build.0 = Debug|Any CPU
		{898E7C84-CEA3-4A5D-8A39-7EF5C0736513}.Debug|Win32.ActiveCfg = Debug|Any CPU
		{898E7C84-CEA3-4A5D-8A39-7EF5C0736513}.Release|Any CPU.ActiveCfg = Release|Any CPU
		{898E7C84-CEA3-4A5D-8A39-7EF5C0736513}.Release|Any CPU.Build.0 = Release|Any CPU
		{898E7C84-CEA3-4A5D-8A39-7EF5C0736513}.Release|Mixed Platforms.ActiveCfg = Release|Any CPU
		{898E7C84-CEA3-4A5D-8A39-7EF5C0736513}.Release|Mixed Platforms.Build.0 = Release|Any CPU
		{898E7C84-CEA3-4A5D-8A39-7EF5C0736513}.Release|Win32.ActiveCfg = Release|Any CPU
		{950CB02F-B3B9-4DFD-819B-9FBE23BBDA49}.Debug|Any CPU.ActiveCfg = Debug|Any CPU
		{950CB02F-B3B9-4DFD-819B-9FBE23BBDA49}.Debug|Any CPU.Build.0 = Debug|Any CPU
		{950CB02F-B3B9-4DFD-819B-9FBE23BBDA49}.Debug|Mixed Platforms.ActiveCfg = Debug|Any CPU
		{950CB02F-B3B9-4DFD-819B-9FBE23BBDA49}.Debug|Mixed Platforms.Build.0 = Debug|Any CPU
		{950CB02F-B3B9-4DFD-819B-9FBE23BBDA49}.Debug|Win32.ActiveCfg = Debug|Any CPU
		{950CB02F-B3B9-4DFD-819B-9FBE23BBDA49}.Release|Any CPU.ActiveCfg = Release|Any CPU
		{950CB02F-B3B9-4DFD-819B-9FBE23BBDA49}.Release|Any CPU.Build.0 = Release|Any CPU
		{950CB02F-B3B9-4DFD-819B-9FBE23BBDA49}.Release|Mixed Platforms.ActiveCfg = Release|Any CPU
		{950CB02F-B3B9-4DFD-819B-9FBE23BBDA49}.Release|Mixed Platforms.Build.0 = Release|Any CPU
		{950CB02F-B3B9-4DFD-819B-9FBE23BBDA49}.Release|Win32.ActiveCfg = Release|Any CPU
		{C1561857-0E5D-4267-B89E-869EBC9BF32D}.Debug|Any CPU.ActiveCfg = Debug|Any CPU
		{C1561857-0E5D-4267-B89E-869EBC9BF32D}.Debug|Any CPU.Build.0 = Debug|Any CPU
		{C1561857-0E5D-4267-B89E-869EBC9BF32D}.Debug|Mixed Platforms.ActiveCfg = Debug|Any CPU
		{C1561857-0E5D-4267-B89E-869EBC9BF32D}.Debug|Mixed Platforms.Build.0 = Debug|Any CPU
		{C1561857-0E5D-4267-B89E-869EBC9BF32D}.Debug|Win32.ActiveCfg = Debug|Any CPU
		{C1561857-0E5D-4267-B89E-869EBC9BF32D}.Release|Any CPU.ActiveCfg = Release|Any CPU
		{C1561857-0E5D-4267-B89E-869EBC9BF32D}.Release|Any CPU.Build.0 = Release|Any CPU
		{C1561857-0E5D-4267-B89E-869EBC9BF32D}.Release|Mixed Platforms.ActiveCfg = Release|Any CPU
		{C1561857-0E5D-4267-B89E-869EBC9BF32D}.Release|Mixed Platforms.Build.0 = Release|Any CPU
		{C1561857-0E5D-4267-B89E-869EBC9BF32D}.Release|Win32.ActiveCfg = Release|Any CPU
		{03250B62-E142-4763-A8B7-8399057D3ABB}.Debug|Any CPU.ActiveCfg = Debug|Any CPU
		{03250B62-E142-4763-A8B7-8399057D3ABB}.Debug|Any CPU.Build.0 = Debug|Any CPU
		{03250B62-E142-4763-A8B7-8399057D3ABB}.Debug|Mixed Platforms.ActiveCfg = Debug|Any CPU
		{03250B62-E142-4763-A8B7-8399057D3ABB}.Debug|Mixed Platforms.Build.0 = Debug|Any CPU
		{03250B62-E142-4763-A8B7-8399057D3ABB}.Debug|Win32.ActiveCfg = Debug|Any CPU
		{03250B62-E142-4763-A8B7-8399057D3ABB}.Release|Any CPU.ActiveCfg = Release|Any CPU
		{03250B62-E142-4763-A8B7-8399057D3ABB}.Release|Any CPU.Build.0 = Release|Any CPU
		{03250B62-E142-4763-A8B7-8399057D3ABB}.Release|Mixed Platforms.ActiveCfg = Release|Any CPU
		{03250B62-E142-4763-A8B7-8399057D3ABB}.Release|Mixed Platforms.Build.0 = Release|Any CPU
		{03250B62-E142-4763-A8B7-8399057D3ABB}.Release|Win32.ActiveCfg = Release|Any CPU
		{F98756EC-AFF4-4F60-848B-8D1265FC6015}.Debug|Any CPU.ActiveCfg = Debug|Any CPU
		{F98756EC-AFF4-4F60-848B-8D1265FC6015}.Debug|Any CPU.Build.0 = Debug|Any CPU
		{F98756EC-AFF4-4F60-848B-8D1265FC6015}.Debug|Mixed Platforms.ActiveCfg = Debug|Any CPU
		{F98756EC-AFF4-4F60-848B-8D1265FC6015}.Debug|Mixed Platforms.Build.0 = Debug|Any CPU
		{F98756EC-AFF4-4F60-848B-8D1265FC6015}.Debug|Win32.ActiveCfg = Debug|Any CPU
		{F98756EC-AFF4-4F60-848B-8D1265FC6015}.Release|Any CPU.ActiveCfg = Release|Any CPU
		{F98756EC-AFF4-4F60-848B-8D1265FC6015}.Release|Any CPU.Build.0 = Release|Any CPU
		{F98756EC-AFF4-4F60-848B-8D1265FC6015}.Release|Mixed Platforms.ActiveCfg = Release|Any CPU
		{F98756EC-AFF4-4F60-848B-8D1265FC6015}.Release|Mixed Platforms.Build.0 = Release|Any CPU
		{F98756EC-AFF4-4F60-848B-8D1265FC6015}.Release|Win32.ActiveCfg = Release|Any CPU
		{055521B5-C5AF-46D7-9C74-004C7F1C3619}.Debug|Any CPU.ActiveCfg = Debug|Any CPU
		{055521B5-C5AF-46D7-9C74-004C7F1C3619}.Debug|Any CPU.Build.0 = Debug|Any CPU
		{055521B5-C5AF-46D7-9C74-004C7F1C3619}.Debug|Mixed Platforms.ActiveCfg = Debug|Any CPU
		{055521B5-C5AF-46D7-9C74-004C7F1C3619}.Debug|Mixed Platforms.Build.0 = Debug|Any CPU
		{055521B5-C5AF-46D7-9C74-004C7F1C3619}.Debug|Win32.ActiveCfg = Debug|Any CPU
		{055521B5-C5AF-46D7-9C74-004C7F1C3619}.Release|Any CPU.ActiveCfg = Release|Any CPU
		{055521B5-C5AF-46D7-9C74-004C7F1C3619}.Release|Any CPU.Build.0 = Release|Any CPU
		{055521B5-C5AF-46D7-9C74-004C7F1C3619}.Release|Mixed Platforms.ActiveCfg = Release|Any CPU
		{055521B5-C5AF-46D7-9C74-004C7F1C3619}.Release|Mixed Platforms.Build.0 = Release|Any CPU
		{055521B5-C5AF-46D7-9C74-004C7F1C3619}.Release|Win32.ActiveCfg = Release|Any CPU
		{CECC951F-6E2C-4813-A402-A38EE45721B7}.Debug|Any CPU.ActiveCfg = Debug|Any CPU
		{CECC951F-6E2C-4813-A402-A38EE45721B7}.Debug|Any CPU.Build.0 = Debug|Any CPU
		{CECC951F-6E2C-4813-A402-A38EE45721B7}.Debug|Mixed Platforms.ActiveCfg = Debug|Any CPU
		{CECC951F-6E2C-4813-A402-A38EE45721B7}.Debug|Mixed Platforms.Build.0 = Debug|Any CPU
		{CECC951F-6E2C-4813-A402-A38EE45721B7}.Debug|Win32.ActiveCfg = Debug|Any CPU
		{CECC951F-6E2C-4813-A402-A38EE45721B7}.Release|Any CPU.ActiveCfg = Release|Any CPU
		{CECC951F-6E2C-4813-A402-A38EE45721B7}.Release|Any CPU.Build.0 = Release|Any CPU
		{CECC951F-6E2C-4813-A402-A38EE45721B7}.Release|Mixed Platforms.ActiveCfg = Release|Any CPU
		{CECC951F-6E2C-4813-A402-A38EE45721B7}.Release|Mixed Platforms.Build.0 = Release|Any CPU
		{CECC951F-6E2C-4813-A402-A38EE45721B7}.Release|Win32.ActiveCfg = Release|Any CPU
		{F96DBAFA-7FF2-47AF-9BDB-E7D259046770}.Debug|Any CPU.ActiveCfg = Debug|Any CPU
		{F96DBAFA-7FF2-47AF-9BDB-E7D259046770}.Debug|Any CPU.Build.0 = Debug|Any CPU
		{F96DBAFA-7FF2-47AF-9BDB-E7D259046770}.Debug|Mixed Platforms.ActiveCfg = Debug|Any CPU
		{F96DBAFA-7FF2-47AF-9BDB-E7D259046770}.Debug|Mixed Platforms.Build.0 = Debug|Any CPU
		{F96DBAFA-7FF2-47AF-9BDB-E7D259046770}.Debug|Win32.ActiveCfg = Debug|Any CPU
		{F96DBAFA-7FF2-47AF-9BDB-E7D259046770}.Release|Any CPU.ActiveCfg = Release|Any CPU
		{F96DBAFA-7FF2-47AF-9BDB-E7D259046770}.Release|Any CPU.Build.0 = Release|Any CPU
		{F96DBAFA-7FF2-47AF-9BDB-E7D259046770}.Release|Mixed Platforms.ActiveCfg = Release|Any CPU
		{F96DBAFA-7FF2-47AF-9BDB-E7D259046770}.Release|Mixed Platforms.Build.0 = Release|Any CPU
		{F96DBAFA-7FF2-47AF-9BDB-E7D259046770}.Release|Win32.ActiveCfg = Release|Any CPU
		{91DA87DA-DD46-4BBB-9337-A1B3E4264CDA}.Debug|Any CPU.ActiveCfg = Debug|Any CPU
		{91DA87DA-DD46-4BBB-9337-A1B3E4264CDA}.Debug|Any CPU.Build.0 = Debug|Any CPU
		{91DA87DA-DD46-4BBB-9337-A1B3E4264CDA}.Debug|Mixed Platforms.ActiveCfg = Debug|Any CPU
		{91DA87DA-DD46-4BBB-9337-A1B3E4264CDA}.Debug|Mixed Platforms.Build.0 = Debug|Any CPU
		{91DA87DA-DD46-4BBB-9337-A1B3E4264CDA}.Debug|Win32.ActiveCfg = Debug|Any CPU
		{91DA87DA-DD46-4BBB-9337-A1B3E4264CDA}.Release|Any CPU.ActiveCfg = Release|Any CPU
		{91DA87DA-DD46-4BBB-9337-A1B3E4264CDA}.Release|Any CPU.Build.0 = Release|Any CPU
		{91DA87DA-DD46-4BBB-9337-A1B3E4264CDA}.Release|Mixed Platforms.ActiveCfg = Release|Any CPU
		{91DA87DA-DD46-4BBB-9337-A1B3E4264CDA}.Release|Mixed Platforms.Build.0 = Release|Any CPU
		{91DA87DA-DD46-4BBB-9337-A1B3E4264CDA}.Release|Win32.ActiveCfg = Release|Any CPU
		{22CA7B9C-2EE6-4935-844D-84345B2E1A72}.Debug|Any CPU.ActiveCfg = Debug|Any CPU
		{22CA7B9C-2EE6-4935-844D-84345B2E1A72}.Debug|Any CPU.Build.0 = Debug|Any CPU
		{22CA7B9C-2EE6-4935-844D-84345B2E1A72}.Debug|Mixed Platforms.ActiveCfg = Debug|Any CPU
		{22CA7B9C-2EE6-4935-844D-84345B2E1A72}.Debug|Mixed Platforms.Build.0 = Debug|Any CPU
		{22CA7B9C-2EE6-4935-844D-84345B2E1A72}.Debug|Win32.ActiveCfg = Debug|Any CPU
		{22CA7B9C-2EE6-4935-844D-84345B2E1A72}.Release|Any CPU.ActiveCfg = Release|Any CPU
		{22CA7B9C-2EE6-4935-844D-84345B2E1A72}.Release|Any CPU.Build.0 = Release|Any CPU
		{22CA7B9C-2EE6-4935-844D-84345B2E1A72}.Release|Mixed Platforms.ActiveCfg = Release|Any CPU
		{22CA7B9C-2EE6-4935-844D-84345B2E1A72}.Release|Mixed Platforms.Build.0 = Release|Any CPU
		{22CA7B9C-2EE6-4935-844D-84345B2E1A72}.Release|Win32.ActiveCfg = Release|Any CPU
		{7B7889E4-3364-4A69-9A2D-3FCEF6D1DE1E}.Debug|Any CPU.ActiveCfg = Debug|Any CPU
		{7B7889E4-3364-4A69-9A2D-3FCEF6D1DE1E}.Debug|Any CPU.Build.0 = Debug|Any CPU
		{7B7889E4-3364-4A69-9A2D-3FCEF6D1DE1E}.Debug|Mixed Platforms.ActiveCfg = Debug|Any CPU
		{7B7889E4-3364-4A69-9A2D-3FCEF6D1DE1E}.Debug|Mixed Platforms.Build.0 = Debug|Any CPU
		{7B7889E4-3364-4A69-9A2D-3FCEF6D1DE1E}.Debug|Win32.ActiveCfg = Debug|Any CPU
		{7B7889E4-3364-4A69-9A2D-3FCEF6D1DE1E}.Release|Any CPU.ActiveCfg = Release|Any CPU
		{7B7889E4-3364-4A69-9A2D-3FCEF6D1DE1E}.Release|Any CPU.Build.0 = Release|Any CPU
		{7B7889E4-3364-4A69-9A2D-3FCEF6D1DE1E}.Release|Mixed Platforms.ActiveCfg = Release|Any CPU
		{7B7889E4-3364-4A69-9A2D-3FCEF6D1DE1E}.Release|Mixed Platforms.Build.0 = Release|Any CPU
		{7B7889E4-3364-4A69-9A2D-3FCEF6D1DE1E}.Release|Win32.ActiveCfg = Release|Any CPU
		{C62CBB2E-0EB3-4E9F-B9CF-1DCC4495316F}.Debug|Any CPU.ActiveCfg = Debug|Any CPU
		{C62CBB2E-0EB3-4E9F-B9CF-1DCC4495316F}.Debug|Any CPU.Build.0 = Debug|Any CPU
		{C62CBB2E-0EB3-4E9F-B9CF-1DCC4495316F}.Debug|Mixed Platforms.ActiveCfg = Debug|Any CPU
		{C62CBB2E-0EB3-4E9F-B9CF-1DCC4495316F}.Debug|Mixed Platforms.Build.0 = Debug|Any CPU
		{C62CBB2E-0EB3-4E9F-B9CF-1DCC4495316F}.Debug|Win32.ActiveCfg = Debug|Any CPU
		{C62CBB2E-0EB3-4E9F-B9CF-1DCC4495316F}.Release|Any CPU.ActiveCfg = Release|Any CPU
		{C62CBB2E-0EB3-4E9F-B9CF-1DCC4495316F}.Release|Any CPU.Build.0 = Release|Any CPU
		{C62CBB2E-0EB3-4E9F-B9CF-1DCC4495316F}.Release|Mixed Platforms.ActiveCfg = Release|Any CPU
		{C62CBB2E-0EB3-4E9F-B9CF-1DCC4495316F}.Release|Mixed Platforms.Build.0 = Release|Any CPU
		{C62CBB2E-0EB3-4E9F-B9CF-1DCC4495316F}.Release|Win32.ActiveCfg = Release|Any CPU
		{AF62208C-19C3-4990-B37D-E95E2D78721A}.Debug|Any CPU.ActiveCfg = Debug|Any CPU
		{AF62208C-19C3-4990-B37D-E95E2D78721A}.Debug|Any CPU.Build.0 = Debug|Any CPU
		{AF62208C-19C3-4990-B37D-E95E2D78721A}.Debug|Mixed Platforms.ActiveCfg = Debug|Any CPU
		{AF62208C-19C3-4990-B37D-E95E2D78721A}.Debug|Mixed Platforms.Build.0 = Debug|Any CPU
		{AF62208C-19C3-4990-B37D-E95E2D78721A}.Debug|Win32.ActiveCfg = Debug|Any CPU
		{AF62208C-19C3-4990-B37D-E95E2D78721A}.Release|Any CPU.ActiveCfg = Release|Any CPU
		{AF62208C-19C3-4990-B37D-E95E2D78721A}.Release|Any CPU.Build.0 = Release|Any CPU
		{AF62208C-19C3-4990-B37D-E95E2D78721A}.Release|Mixed Platforms.ActiveCfg = Release|Any CPU
		{AF62208C-19C3-4990-B37D-E95E2D78721A}.Release|Mixed Platforms.Build.0 = Release|Any CPU
		{AF62208C-19C3-4990-B37D-E95E2D78721A}.Release|Win32.ActiveCfg = Release|Any CPU
		{3DE28F8C-7659-4DC3-AB51-C0A00B44BFDB}.Debug|Any CPU.ActiveCfg = Debug|Any CPU
		{3DE28F8C-7659-4DC3-AB51-C0A00B44BFDB}.Debug|Any CPU.Build.0 = Debug|Any CPU
		{3DE28F8C-7659-4DC3-AB51-C0A00B44BFDB}.Debug|Mixed Platforms.ActiveCfg = Debug|Any CPU
		{3DE28F8C-7659-4DC3-AB51-C0A00B44BFDB}.Debug|Mixed Platforms.Build.0 = Debug|Any CPU
		{3DE28F8C-7659-4DC3-AB51-C0A00B44BFDB}.Debug|Win32.ActiveCfg = Debug|Any CPU
		{3DE28F8C-7659-4DC3-AB51-C0A00B44BFDB}.Release|Any CPU.ActiveCfg = Release|Any CPU
		{3DE28F8C-7659-4DC3-AB51-C0A00B44BFDB}.Release|Any CPU.Build.0 = Release|Any CPU
		{3DE28F8C-7659-4DC3-AB51-C0A00B44BFDB}.Release|Mixed Platforms.ActiveCfg = Release|Any CPU
		{3DE28F8C-7659-4DC3-AB51-C0A00B44BFDB}.Release|Mixed Platforms.Build.0 = Release|Any CPU
		{3DE28F8C-7659-4DC3-AB51-C0A00B44BFDB}.Release|Win32.ActiveCfg = Release|Any CPU
		{7596E24D-32E1-4094-934D-EE1C022D287E}.Debug|Any CPU.ActiveCfg = Debug|Any CPU
		{7596E24D-32E1-4094-934D-EE1C022D287E}.Debug|Any CPU.Build.0 = Debug|Any CPU
		{7596E24D-32E1-4094-934D-EE1C022D287E}.Debug|Mixed Platforms.ActiveCfg = Debug|Any CPU
		{7596E24D-32E1-4094-934D-EE1C022D287E}.Debug|Mixed Platforms.Build.0 = Debug|Any CPU
		{7596E24D-32E1-4094-934D-EE1C022D287E}.Debug|Win32.ActiveCfg = Debug|Any CPU
		{7596E24D-32E1-4094-934D-EE1C022D287E}.Release|Any CPU.ActiveCfg = Release|Any CPU
		{7596E24D-32E1-4094-934D-EE1C022D287E}.Release|Any CPU.Build.0 = Release|Any CPU
		{7596E24D-32E1-4094-934D-EE1C022D287E}.Release|Mixed Platforms.ActiveCfg = Release|Any CPU
		{7596E24D-32E1-4094-934D-EE1C022D287E}.Release|Mixed Platforms.Build.0 = Release|Any CPU
		{7596E24D-32E1-4094-934D-EE1C022D287E}.Release|Win32.ActiveCfg = Release|Any CPU
		{E231FDCD-2B89-4966-B5D6-B53D14AB9162}.Debug|Any CPU.ActiveCfg = Debug|Any CPU
		{E231FDCD-2B89-4966-B5D6-B53D14AB9162}.Debug|Any CPU.Build.0 = Debug|Any CPU
		{E231FDCD-2B89-4966-B5D6-B53D14AB9162}.Debug|Mixed Platforms.ActiveCfg = Debug|Any CPU
		{E231FDCD-2B89-4966-B5D6-B53D14AB9162}.Debug|Mixed Platforms.Build.0 = Debug|Any CPU
		{E231FDCD-2B89-4966-B5D6-B53D14AB9162}.Debug|Win32.ActiveCfg = Debug|Any CPU
		{E231FDCD-2B89-4966-B5D6-B53D14AB9162}.Release|Any CPU.ActiveCfg = Release|Any CPU
		{E231FDCD-2B89-4966-B5D6-B53D14AB9162}.Release|Any CPU.Build.0 = Release|Any CPU
		{E231FDCD-2B89-4966-B5D6-B53D14AB9162}.Release|Mixed Platforms.ActiveCfg = Release|Any CPU
		{E231FDCD-2B89-4966-B5D6-B53D14AB9162}.Release|Mixed Platforms.Build.0 = Release|Any CPU
		{E231FDCD-2B89-4966-B5D6-B53D14AB9162}.Release|Win32.ActiveCfg = Release|Any CPU
		{89AAC166-2058-4657-9A64-AAF602F06327}.Debug|Any CPU.ActiveCfg = Debug|Any CPU
		{89AAC166-2058-4657-9A64-AAF602F06327}.Debug|Any CPU.Build.0 = Debug|Any CPU
		{89AAC166-2058-4657-9A64-AAF602F06327}.Debug|Mixed Platforms.ActiveCfg = Debug|Any CPU
		{89AAC166-2058-4657-9A64-AAF602F06327}.Debug|Mixed Platforms.Build.0 = Debug|Any CPU
		{89AAC166-2058-4657-9A64-AAF602F06327}.Debug|Win32.ActiveCfg = Debug|Any CPU
		{89AAC166-2058-4657-9A64-AAF602F06327}.Release|Any CPU.ActiveCfg = Release|Any CPU
		{89AAC166-2058-4657-9A64-AAF602F06327}.Release|Any CPU.Build.0 = Release|Any CPU
		{89AAC166-2058-4657-9A64-AAF602F06327}.Release|Mixed Platforms.ActiveCfg = Release|Any CPU
		{89AAC166-2058-4657-9A64-AAF602F06327}.Release|Mixed Platforms.Build.0 = Release|Any CPU
		{89AAC166-2058-4657-9A64-AAF602F06327}.Release|Win32.ActiveCfg = Release|Any CPU
		{BE60A71B-CC9A-49B3-BAD4-A1E7EBA3E3CE}.Debug|Any CPU.ActiveCfg = Debug|Any CPU
		{BE60A71B-CC9A-49B3-BAD4-A1E7EBA3E3CE}.Debug|Any CPU.Build.0 = Debug|Any CPU
		{BE60A71B-CC9A-49B3-BAD4-A1E7EBA3E3CE}.Debug|Mixed Platforms.ActiveCfg = Debug|Any CPU
		{BE60A71B-CC9A-49B3-BAD4-A1E7EBA3E3CE}.Debug|Mixed Platforms.Build.0 = Debug|Any CPU
		{BE60A71B-CC9A-49B3-BAD4-A1E7EBA3E3CE}.Debug|Win32.ActiveCfg = Debug|Any CPU
		{BE60A71B-CC9A-49B3-BAD4-A1E7EBA3E3CE}.Release|Any CPU.ActiveCfg = Release|Any CPU
		{BE60A71B-CC9A-49B3-BAD4-A1E7EBA3E3CE}.Release|Any CPU.Build.0 = Release|Any CPU
		{BE60A71B-CC9A-49B3-BAD4-A1E7EBA3E3CE}.Release|Mixed Platforms.ActiveCfg = Release|Any CPU
		{BE60A71B-CC9A-49B3-BAD4-A1E7EBA3E3CE}.Release|Mixed Platforms.Build.0 = Release|Any CPU
		{BE60A71B-CC9A-49B3-BAD4-A1E7EBA3E3CE}.Release|Win32.ActiveCfg = Release|Any CPU
		{81CBEF55-8D37-4CE5-9B2B-AF9A9159EAB5}.Debug|Any CPU.ActiveCfg = Debug|Any CPU
		{81CBEF55-8D37-4CE5-9B2B-AF9A9159EAB5}.Debug|Any CPU.Build.0 = Debug|Any CPU
		{81CBEF55-8D37-4CE5-9B2B-AF9A9159EAB5}.Debug|Mixed Platforms.ActiveCfg = Debug|Any CPU
		{81CBEF55-8D37-4CE5-9B2B-AF9A9159EAB5}.Debug|Mixed Platforms.Build.0 = Debug|Any CPU
		{81CBEF55-8D37-4CE5-9B2B-AF9A9159EAB5}.Debug|Win32.ActiveCfg = Debug|Any CPU
		{81CBEF55-8D37-4CE5-9B2B-AF9A9159EAB5}.Release|Any CPU.ActiveCfg = Release|Any CPU
		{81CBEF55-8D37-4CE5-9B2B-AF9A9159EAB5}.Release|Any CPU.Build.0 = Release|Any CPU
		{81CBEF55-8D37-4CE5-9B2B-AF9A9159EAB5}.Release|Mixed Platforms.ActiveCfg = Release|Any CPU
		{81CBEF55-8D37-4CE5-9B2B-AF9A9159EAB5}.Release|Mixed Platforms.Build.0 = Release|Any CPU
		{81CBEF55-8D37-4CE5-9B2B-AF9A9159EAB5}.Release|Win32.ActiveCfg = Release|Any CPU
		{F596B87D-8A3D-4B37-B0DC-DC35DBF1F059}.Debug|Any CPU.ActiveCfg = Debug|Any CPU
		{F596B87D-8A3D-4B37-B0DC-DC35DBF1F059}.Debug|Any CPU.Build.0 = Debug|Any CPU
		{F596B87D-8A3D-4B37-B0DC-DC35DBF1F059}.Debug|Mixed Platforms.ActiveCfg = Debug|Any CPU
		{F596B87D-8A3D-4B37-B0DC-DC35DBF1F059}.Debug|Mixed Platforms.Build.0 = Debug|Any CPU
		{F596B87D-8A3D-4B37-B0DC-DC35DBF1F059}.Debug|Win32.ActiveCfg = Debug|Any CPU
		{F596B87D-8A3D-4B37-B0DC-DC35DBF1F059}.Release|Any CPU.ActiveCfg = Release|Any CPU
		{F596B87D-8A3D-4B37-B0DC-DC35DBF1F059}.Release|Any CPU.Build.0 = Release|Any CPU
		{F596B87D-8A3D-4B37-B0DC-DC35DBF1F059}.Release|Mixed Platforms.ActiveCfg = Release|Any CPU
		{F596B87D-8A3D-4B37-B0DC-DC35DBF1F059}.Release|Mixed Platforms.Build.0 = Release|Any CPU
		{F596B87D-8A3D-4B37-B0DC-DC35DBF1F059}.Release|Win32.ActiveCfg = Release|Any CPU
		{16F4EAB9-2A8E-4497-95CA-8754F9DAB1EE}.Debug|Any CPU.ActiveCfg = Debug|Any CPU
		{16F4EAB9-2A8E-4497-95CA-8754F9DAB1EE}.Debug|Any CPU.Build.0 = Debug|Any CPU
		{16F4EAB9-2A8E-4497-95CA-8754F9DAB1EE}.Debug|Mixed Platforms.ActiveCfg = Debug|Any CPU
		{16F4EAB9-2A8E-4497-95CA-8754F9DAB1EE}.Debug|Mixed Platforms.Build.0 = Debug|Any CPU
		{16F4EAB9-2A8E-4497-95CA-8754F9DAB1EE}.Debug|Win32.ActiveCfg = Debug|Any CPU
		{16F4EAB9-2A8E-4497-95CA-8754F9DAB1EE}.Release|Any CPU.ActiveCfg = Release|Any CPU
		{16F4EAB9-2A8E-4497-95CA-8754F9DAB1EE}.Release|Any CPU.Build.0 = Release|Any CPU
		{16F4EAB9-2A8E-4497-95CA-8754F9DAB1EE}.Release|Mixed Platforms.ActiveCfg = Release|Any CPU
		{16F4EAB9-2A8E-4497-95CA-8754F9DAB1EE}.Release|Mixed Platforms.Build.0 = Release|Any CPU
		{16F4EAB9-2A8E-4497-95CA-8754F9DAB1EE}.Release|Win32.ActiveCfg = Release|Any CPU
		{E7FE74A8-F00F-44D9-8C86-EFE70CE14073}.Debug|Any CPU.ActiveCfg = Debug|Any CPU
		{E7FE74A8-F00F-44D9-8C86-EFE70CE14073}.Debug|Any CPU.Build.0 = Debug|Any CPU
		{E7FE74A8-F00F-44D9-8C86-EFE70CE14073}.Debug|Mixed Platforms.ActiveCfg = Debug|Any CPU
		{E7FE74A8-F00F-44D9-8C86-EFE70CE14073}.Debug|Mixed Platforms.Build.0 = Debug|Any CPU
		{E7FE74A8-F00F-44D9-8C86-EFE70CE14073}.Debug|Win32.ActiveCfg = Debug|Any CPU
		{E7FE74A8-F00F-44D9-8C86-EFE70CE14073}.Release|Any CPU.ActiveCfg = Release|Any CPU
		{E7FE74A8-F00F-44D9-8C86-EFE70CE14073}.Release|Any CPU.Build.0 = Release|Any CPU
		{E7FE74A8-F00F-44D9-8C86-EFE70CE14073}.Release|Mixed Platforms.ActiveCfg = Release|Any CPU
		{E7FE74A8-F00F-44D9-8C86-EFE70CE14073}.Release|Mixed Platforms.Build.0 = Release|Any CPU
		{E7FE74A8-F00F-44D9-8C86-EFE70CE14073}.Release|Win32.ActiveCfg = Release|Any CPU
		{DAE1AE96-131B-4E65-8C61-6FBDDB2F94FD}.Debug|Any CPU.ActiveCfg = Debug|Any CPU
		{DAE1AE96-131B-4E65-8C61-6FBDDB2F94FD}.Debug|Any CPU.Build.0 = Debug|Any CPU
		{DAE1AE96-131B-4E65-8C61-6FBDDB2F94FD}.Debug|Mixed Platforms.ActiveCfg = Debug|Any CPU
		{DAE1AE96-131B-4E65-8C61-6FBDDB2F94FD}.Debug|Mixed Platforms.Build.0 = Debug|Any CPU
		{DAE1AE96-131B-4E65-8C61-6FBDDB2F94FD}.Debug|Win32.ActiveCfg = Debug|Any CPU
		{DAE1AE96-131B-4E65-8C61-6FBDDB2F94FD}.Release|Any CPU.ActiveCfg = Release|Any CPU
		{DAE1AE96-131B-4E65-8C61-6FBDDB2F94FD}.Release|Any CPU.Build.0 = Release|Any CPU
		{DAE1AE96-131B-4E65-8C61-6FBDDB2F94FD}.Release|Mixed Platforms.ActiveCfg = Release|Any CPU
		{DAE1AE96-131B-4E65-8C61-6FBDDB2F94FD}.Release|Mixed Platforms.Build.0 = Release|Any CPU
		{DAE1AE96-131B-4E65-8C61-6FBDDB2F94FD}.Release|Win32.ActiveCfg = Release|Any CPU
	EndGlobalSection
	GlobalSection(SolutionProperties) = preSolution
		HideSolutionNode = FALSE
	EndGlobalSection
	GlobalSection(NestedProjects) = preSolution
		{8B6D93E8-2D20-4328-ACFF-9C608BD64DCF} = {00FC1E61-DD41-4A73-A96B-D5EAE399EF8D}
		{898E7C84-CEA3-4A5D-8A39-7EF5C0736513} = {00FC1E61-DD41-4A73-A96B-D5EAE399EF8D}
		{950CB02F-B3B9-4DFD-819B-9FBE23BBDA49} = {00FC1E61-DD41-4A73-A96B-D5EAE399EF8D}
		{C1561857-0E5D-4267-B89E-869EBC9BF32D} = {00FC1E61-DD41-4A73-A96B-D5EAE399EF8D}
		{03250B62-E142-4763-A8B7-8399057D3ABB} = {00FC1E61-DD41-4A73-A96B-D5EAE399EF8D}
		{F98756EC-AFF4-4F60-848B-8D1265FC6015} = {00FC1E61-DD41-4A73-A96B-D5EAE399EF8D}
		{055521B5-C5AF-46D7-9C74-004C7F1C3619} = {00FC1E61-DD41-4A73-A96B-D5EAE399EF8D}
		{CECC951F-6E2C-4813-A402-A38EE45721B7} = {00FC1E61-DD41-4A73-A96B-D5EAE399EF8D}
		{F96DBAFA-7FF2-47AF-9BDB-E7D259046770} = {00FC1E61-DD41-4A73-A96B-D5EAE399EF8D}
		{91DA87DA-DD46-4BBB-9337-A1B3E4264CDA} = {00FC1E61-DD41-4A73-A96B-D5EAE399EF8D}
		{22CA7B9C-2EE6-4935-844D-84345B2E1A72} = {00FC1E61-DD41-4A73-A96B-D5EAE399EF8D}
		{7B7889E4-3364-4A69-9A2D-3FCEF6D1DE1E} = {00FC1E61-DD41-4A73-A96B-D5EAE399EF8D}
		{C62CBB2E-0EB3-4E9F-B9CF-1DCC4495316F} = {00FC1E61-DD41-4A73-A96B-D5EAE399EF8D}
		{AF62208C-19C3-4990-B37D-E95E2D78721A} = {00FC1E61-DD41-4A73-A96B-D5EAE399EF8D}
		{3DE28F8C-7659-4DC3-AB51-C0A00B44BFDB} = {00FC1E61-DD41-4A73-A96B-D5EAE399EF8D}
		{7596E24D-32E1-4094-934D-EE1C022D287E} = {00FC1E61-DD41-4A73-A96B-D5EAE399EF8D}
		{C6682B05-074D-4A92-A5A2-9C292507237E} = {020CABD8-3BC5-4811-9293-88BD38198975}
		{806BBB3C-319B-4A78-BA85-3F5CB5CE3B93} = {020CABD8-3BC5-4811-9293-88BD38198975}
		{587F6FCA-0949-4ED8-A781-6177E364622F} = {C6682B05-074D-4A92-A5A2-9C292507237E}
		{E231FDCD-2B89-4966-B5D6-B53D14AB9162} = {587F6FCA-0949-4ED8-A781-6177E364622F}
		{89AAC166-2058-4657-9A64-AAF602F06327} = {806BBB3C-319B-4A78-BA85-3F5CB5CE3B93}
		{6CEE54D3-3BC8-4467-8908-B273AAF3B8F6} = {C6682B05-074D-4A92-A5A2-9C292507237E}
		{BE60A71B-CC9A-49B3-BAD4-A1E7EBA3E3CE} = {6CEE54D3-3BC8-4467-8908-B273AAF3B8F6}
		{81CBEF55-8D37-4CE5-9B2B-AF9A9159EAB5} = {6CEE54D3-3BC8-4467-8908-B273AAF3B8F6}
		{F596B87D-8A3D-4B37-B0DC-DC35DBF1F059} = {6CEE54D3-3BC8-4467-8908-B273AAF3B8F6}
		{00FC1E61-DD41-4A73-A96B-D5EAE399EF8D} = {020CABD8-3BC5-4811-9293-88BD38198975}
		{DEE18A7C-D83C-4271-966F-70732E027D3A} = {020CABD8-3BC5-4811-9293-88BD38198975}
		{16F4EAB9-2A8E-4497-95CA-8754F9DAB1EE} = {DEE18A7C-D83C-4271-966F-70732E027D3A}
		{E7FE74A8-F00F-44D9-8C86-EFE70CE14073} = {587F6FCA-0949-4ED8-A781-6177E364622F}
		{DAE1AE96-131B-4E65-8C61-6FBDDB2F94FD} = {587F6FCA-0949-4ED8-A781-6177E364622F}
	EndGlobalSection
EndGlobal
